
Microsoft Visual Studio Solution File, Format Version 12.00
# Visual Studio Version 17
VisualStudioVersion = 17.6.33801.468
MinimumVisualStudioVersion = 10.0.40219.1
Project("{E24C65DC-7377-472B-9ABA-BC803B73C61A}") = "Stond LLC", "Stond LLC\", "{3B737ABA-B35D-4AC1-BB28-3A2CA18394F2}"
	ProjectSection(WebsiteProperties) = preProject
		TargetFrameworkMoniker = ".NETFramework,Version%3Dv4.7.2"
		Debug.AspNetCompiler.VirtualPath = "/localhost_62848"
		Debug.AspNetCompiler.PhysicalPath = "Stond LLC\"
		Debug.AspNetCompiler.TargetPath = "PrecompiledWeb\localhost_62848\"
		Debug.AspNetCompiler.Updateable = "true"
		Debug.AspNetCompiler.ForceOverwrite = "true"
		Debug.AspNetCompiler.FixedNames = "false"
		Debug.AspNetCompiler.Debug = "True"
		Release.AspNetCompiler.VirtualPath = "/localhost_62848"
		Release.AspNetCompiler.PhysicalPath = "Stond LLC\"
		Release.AspNetCompiler.TargetPath = "PrecompiledWeb\localhost_62848\"
		Release.AspNetCompiler.Updateable = "true"
		Release.AspNetCompiler.ForceOverwrite = "true"
		Release.AspNetCompiler.FixedNames = "false"
		Release.AspNetCompiler.Debug = "False"
		VWDPort = "62848"
		SlnRelativePath = "Stond LLC\"
		DefaultWebSiteLanguage = "Visual Basic"
	EndProjectSection
EndProject
Global
	GlobalSection(SolutionConfigurationPlatforms) = preSolution
		Debug|Any CPU = Debug|Any CPU
	EndGlobalSection
	GlobalSection(ProjectConfigurationPlatforms) = postSolution
		{3B737ABA-B35D-4AC1-BB28-3A2CA18394F2}.Debug|Any CPU.ActiveCfg = Debug|Any CPU
		{3B737ABA-B35D-4AC1-BB28-3A2CA18394F2}.Debug|Any CPU.Build.0 = Debug|Any CPU
	EndGlobalSection
	GlobalSection(SolutionProperties) = preSolution
		HideSolutionNode = FALSE
	EndGlobalSection
	GlobalSection(ExtensibilityGlobals) = postSolution
		SolutionGuid = {06BF0BFE-BFF0-436D-B72D-A25E333C9034}
	EndGlobalSection
EndGlobal
